
Microsoft Visual Studio Solution File, Format Version 12.00
# Visual Studio Version 17
VisualStudioVersion = 17.0.31903.59
MinimumVisualStudioVersion = 10.0.40219.1
Project("{2150E333-8FDC-42A3-9474-1A3956D46DE8}") = "src", "src", "{5E5CFD25-1044-4CCA-8AE1-EE42F471A58C}"
EndProject
Project("{FAE04EC0-301F-11D3-BF4B-00C04F79EFBC}") = "PayOida.PayPal.Auth", "src\PayOida.PayPal.Auth\PayOida.PayPal.Auth.csproj", "{86E94C18-1B53-4715-B153-46B788272742}"
EndProject
Project("{FAE04EC0-301F-11D3-BF4B-00C04F79EFBC}") = "PayOida.PayPal.Auth.Test", "test\PayOida.PayPal.Auth.Test.csproj", "{A1D9AE4E-B013-481A-AB5D-D0EDC79EEEC6}"
EndProject
Global
	GlobalSection(SolutionConfigurationPlatforms) = preSolution
		Debug|Any CPU = Debug|Any CPU
		Release|Any CPU = Release|Any CPU
	EndGlobalSection
	GlobalSection(SolutionProperties) = preSolution
		HideSolutionNode = FALSE
	EndGlobalSection
	GlobalSection(ProjectConfigurationPlatforms) = postSolution
		{86E94C18-1B53-4715-B153-46B788272742}.Debug|Any CPU.ActiveCfg = Debug|Any CPU
		{86E94C18-1B53-4715-B153-46B788272742}.Debug|Any CPU.Build.0 = Debug|Any CPU
		{86E94C18-1B53-4715-B153-46B788272742}.Release|Any CPU.ActiveCfg = Release|Any CPU
		{86E94C18-1B53-4715-B153-46B788272742}.Release|Any CPU.Build.0 = Release|Any CPU
		{A1D9AE4E-B013-481A-AB5D-D0EDC79EEEC6}.Debug|Any CPU.ActiveCfg = Debug|Any CPU
		{A1D9AE4E-B013-481A-AB5D-D0EDC79EEEC6}.Debug|Any CPU.Build.0 = Debug|Any CPU
		{A1D9AE4E-B013-481A-AB5D-D0EDC79EEEC6}.Release|Any CPU.ActiveCfg = Release|Any CPU
		{A1D9AE4E-B013-481A-AB5D-D0EDC79EEEC6}.Release|Any CPU.Build.0 = Release|Any CPU
	EndGlobalSection
	GlobalSection(NestedProjects) = preSolution
		{86E94C18-1B53-4715-B153-46B788272742} = {5E5CFD25-1044-4CCA-8AE1-EE42F471A58C}
	EndGlobalSection
EndGlobal
